
Microsoft Visual Studio Solution File, Format Version 12.00
# Visual Studio 15
VisualStudioVersion = 15.0.26403.3
MinimumVisualStudioVersion = 10.0.40219.1
Project("{262852C6-CD72-467D-83FE-5EEB1973A190}") = "admin", "admin.jsproj", "{5176FE73-2C7B-40B1-A0D7-36F28758D24C}"
EndProject
Global
	GlobalSection(SolutionConfigurationPlatforms) = preSolution
		Debug|Android = Debug|Android
		Debug|iOS = Debug|iOS
		Debug|Windows-ARM = Debug|Windows-ARM
		Debug|Windows-x64 = Debug|Windows-x64
		Debug|Windows-x86 = Debug|Windows-x86
		Release|Android = Release|Android
		Release|iOS = Release|iOS
		Release|Windows-ARM = Release|Windows-ARM
		Release|Windows-x64 = Release|Windows-x64
		Release|Windows-x86 = Release|Windows-x86
	EndGlobalSection
	GlobalSection(ProjectConfigurationPlatforms) = postSolution
		{5176FE73-2C7B-40B1-A0D7-36F28758D24C}.Debug|Android.ActiveCfg = Debug|Android
		{5176FE73-2C7B-40B1-A0D7-36F28758D24C}.Debug|Android.Build.0 = Debug|Android
		{5176FE73-2C7B-40B1-A0D7-36F28758D24C}.Debug|Android.Deploy.0 = Debug|Android
		{5176FE73-2C7B-40B1-A0D7-36F28758D24C}.Debug|iOS.ActiveCfg = Debug|iOS
		{5176FE73-2C7B-40B1-A0D7-36F28758D24C}.Debug|iOS.Build.0 = Debug|iOS
		{5176FE73-2C7B-40B1-A0D7-36F28758D24C}.Debug|iOS.Deploy.0 = Debug|iOS
		{5176FE73-2C7B-40B1-A0D7-36F28758D24C}.Debug|Windows-ARM.ActiveCfg = Debug|Windows-ARM
		{5176FE73-2C7B-40B1-A0D7-36F28758D24C}.Debug|Windows-ARM.Build.0 = Debug|Windows-ARM
		{5176FE73-2C7B-40B1-A0D7-36F28758D24C}.Debug|Windows-ARM.Deploy.0 = Debug|Windows-ARM
		{5176FE73-2C7B-40B1-A0D7-36F28758D24C}.Debug|Windows-x64.ActiveCfg = Debug|Windows-x64
		{5176FE73-2C7B-40B1-A0D7-36F28758D24C}.Debug|Windows-x64.Build.0 = Debug|Windows-x64
		{5176FE73-2C7B-40B1-A0D7-36F28758D24C}.Debug|Windows-x64.Deploy.0 = Debug|Windows-x64
		{5176FE73-2C7B-40B1-A0D7-36F28758D24C}.Debug|Windows-x86.ActiveCfg = Debug|Windows-x86
		{5176FE73-2C7B-40B1-A0D7-36F28758D24C}.Debug|Windows-x86.Build.0 = Debug|Windows-x86
		{5176FE73-2C7B-40B1-A0D7-36F28758D24C}.Debug|Windows-x86.Deploy.0 = Debug|Windows-x86
		{5176FE73-2C7B-40B1-A0D7-36F28758D24C}.Release|Android.ActiveCfg = Release|Android
		{5176FE73-2C7B-40B1-A0D7-36F28758D24C}.Release|Android.Build.0 = Release|Android
		{5176FE73-2C7B-40B1-A0D7-36F28758D24C}.Release|Android.Deploy.0 = Release|Android
		{5176FE73-2C7B-40B1-A0D7-36F28758D24C}.Release|iOS.ActiveCfg = Release|iOS
		{5176FE73-2C7B-40B1-A0D7-36F28758D24C}.Release|iOS.Build.0 = Release|iOS
		{5176FE73-2C7B-40B1-A0D7-36F28758D24C}.Release|iOS.Deploy.0 = Release|iOS
		{5176FE73-2C7B-40B1-A0D7-36F28758D24C}.Release|Windows-ARM.ActiveCfg = Release|Windows-ARM
		{5176FE73-2C7B-40B1-A0D7-36F28758D24C}.Release|Windows-ARM.Build.0 = Release|Windows-ARM
		{5176FE73-2C7B-40B1-A0D7-36F28758D24C}.Release|Windows-ARM.Deploy.0 = Release|Windows-ARM
		{5176FE73-2C7B-40B1-A0D7-36F28758D24C}.Release|Windows-x64.ActiveCfg = Release|Windows-x64
		{5176FE73-2C7B-40B1-A0D7-36F28758D24C}.Release|Windows-x64.Build.0 = Release|Windows-x64
		{5176FE73-2C7B-40B1-A0D7-36F28758D24C}.Release|Windows-x64.Deploy.0 = Release|Windows-x64
		{5176FE73-2C7B-40B1-A0D7-36F28758D24C}.Release|Windows-x86.ActiveCfg = Release|Windows-x86
		{5176FE73-2C7B-40B1-A0D7-36F28758D24C}.Release|Windows-x86.Build.0 = Release|Windows-x86
		{5176FE73-2C7B-40B1-A0D7-36F28758D24C}.Release|Windows-x86.Deploy.0 = Release|Windows-x86
	EndGlobalSection
	GlobalSection(SolutionProperties) = preSolution
		HideSolutionNode = FALSE
	EndGlobalSection
EndGlobal
